// !$*UTF8*$!
{
	archiveVersion = 1;
	classes = {
	};
	objectVersion = 48;
	objects = {

/* Begin PBXBuildFile section */
		57799034203DDCA700DF963B /* AppDelegate.swift in Sources */ = {isa = PBXBuildFile; fileRef = 57799033203DDCA700DF963B /* AppDelegate.swift */; };
		57799036203DDCA700DF963B /* ViewController.swift in Sources */ = {isa = PBXBuildFile; fileRef = 57799035203DDCA700DF963B /* ViewController.swift */; };
		57799039203DDCA700DF963B /* Main.storyboard in Resources */ = {isa = PBXBuildFile; fileRef = 57799037203DDCA700DF963B /* Main.storyboard */; };
		5779903C203DDCA700DF963B /* ProgrammaticContstraintsAndAnimations.xcdatamodeld in Sources */ = {isa = PBXBuildFile; fileRef = 5779903A203DDCA700DF963B /* ProgrammaticContstraintsAndAnimations.xcdatamodeld */; };
		5779903E203DDCA700DF963B /* Assets.xcassets in Resources */ = {isa = PBXBuildFile; fileRef = 5779903D203DDCA700DF963B /* Assets.xcassets */; };
		57799041203DDCA700DF963B /* LaunchScreen.storyboard in Resources */ = {isa = PBXBuildFile; fileRef = 5779903F203DDCA700DF963B /* LaunchScreen.storyboard */; };
/* End PBXBuildFile section */

/* Begin PBXFileReference section */
		57799030203DDCA700DF963B /* ProgrammaticContstraintsAndAnimations.app */ = {isa = PBXFileReference; explicitFileType = wrapper.application; includeInIndex = 0; path = ProgrammaticContstraintsAndAnimations.app; sourceTree = BUILT_PRODUCTS_DIR; };
		57799033203DDCA700DF963B /* AppDelegate.swift */ = {isa = PBXFileReference; lastKnownFileType = sourcecode.swift; path = AppDelegate.swift; sourceTree = "<group>"; };
		57799035203DDCA700DF963B /* ViewController.swift */ = {isa = PBXFileReference; lastKnownFileType = sourcecode.swift; path = ViewController.swift; sourceTree = "<group>"; };
		57799038203DDCA700DF963B /* Base */ = {isa = PBXFileReference; lastKnownFileType = file.storyboard; name = Base; path = Base.lproj/Main.storyboard; sourceTree = "<group>"; };
		5779903B203DDCA700DF963B /* ProgrammaticContstraintsAndAnimations.xcdatamodel */ = {isa = PBXFileReference; lastKnownFileType = wrapper.xcdatamodel; path = ProgrammaticContstraintsAndAnimations.xcdatamodel; sourceTree = "<group>"; };
		5779903D203DDCA700DF963B /* Assets.xcassets */ = {isa = PBXFileReference; lastKnownFileType = folder.assetcatalog; path = Assets.xcassets; sourceTree = "<group>"; };
		57799040203DDCA700DF963B /* Base */ = {isa = PBXFileReference; lastKnownFileType = file.storyboard; name = Base; path = Base.lproj/LaunchScreen.storyboard; sourceTree = "<group>"; };
		57799042203DDCA700DF963B /* Info.plist */ = {isa = PBXFileReference; lastKnownFileType = text.plist.xml; path = Info.plist; sourceTree = "<group>"; };
/* End PBXFileReference section */

/* Begin PBXFrameworksBuildPhase section */
		5779902D203DDCA700DF963B /* Frameworks */ = {
			isa = PBXFrameworksBuildPhase;
			buildActionMask = 2147483647;
			files = (
			);
			runOnlyForDeploymentPostprocessing = 0;
		};
/* End PBXFrameworksBuildPhase section */

/* Begin PBXGroup section */
		57799027203DDCA700DF963B = {
			isa = PBXGroup;
			children = (
				57799032203DDCA700DF963B /* ProgrammaticContstraintsAndAnimations */,
				57799031203DDCA700DF963B /* Products */,
			);
			sourceTree = "<group>";
		};
		57799031203DDCA700DF963B /* Products */ = {
			isa = PBXGroup;
			children = (
				57799030203DDCA700DF963B /* ProgrammaticContstraintsAndAnimations.app */,
			);
			name = Products;
			sourceTree = "<group>";
		};
		57799032203DDCA700DF963B /* ProgrammaticContstraintsAndAnimations */ = {
			isa = PBXGroup;
			children = (
				57799033203DDCA700DF963B /* AppDelegate.swift */,
				57799035203DDCA700DF963B /* ViewController.swift */,
				57799037203DDCA700DF963B /* Main.storyboard */,
				5779903D203DDCA700DF963B /* Assets.xcassets */,
				5779903F203DDCA700DF963B /* LaunchScreen.storyboard */,
				57799042203DDCA700DF963B /* Info.plist */,
				5779903A203DDCA700DF963B /* ProgrammaticContstraintsAndAnimations.xcdatamodeld */,
			);
			path = ProgrammaticContstraintsAndAnimations;
			sourceTree = "<group>";
		};
/* End PBXGroup section */

/* Begin PBXNativeTarget section */
		5779902F203DDCA700DF963B /* ProgrammaticContstraintsAndAnimations */ = {
			isa = PBXNativeTarget;
			buildConfigurationList = 57799045203DDCA700DF963B /* Build configuration list for PBXNativeTarget "ProgrammaticContstraintsAndAnimations" */;
			buildPhases = (
				5779902C203DDCA700DF963B /* Sources */,
				5779902D203DDCA700DF963B /* Frameworks */,
				5779902E203DDCA700DF963B /* Resources */,
			);
			buildRules = (
			);
			dependencies = (
			);
			name = ProgrammaticContstraintsAndAnimations;
			productName = ProgrammaticContstraintsAndAnimations;
			productReference = 57799030203DDCA700DF963B /* ProgrammaticContstraintsAndAnimations.app */;
			productType = "com.apple.product-type.application";
		};
/* End PBXNativeTarget section */

/* Begin PBXProject section */
		57799028203DDCA700DF963B /* Project object */ = {
			isa = PBXProject;
			attributes = {
				LastSwiftUpdateCheck = 0920;
				LastUpgradeCheck = 0920;
				ORGANIZATIONNAME = broCode;
				TargetAttributes = {
					5779902F203DDCA700DF963B = {
						CreatedOnToolsVersion = 9.2;
						ProvisioningStyle = Automatic;
					};
				};
			};
			buildConfigurationList = 5779902B203DDCA700DF963B /* Build configuration list for PBXProject "ProgrammaticContstraintsAndAnimations" */;
			compatibilityVersion = "Xcode 8.0";
			developmentRegion = en;
			hasScannedForEncodings = 0;
			knownRegions = (
				en,
				Base,
			);
			mainGroup = 57799027203DDCA700DF963B;
			productRefGroup = 57799031203DDCA700DF963B /* Products */;
			projectDirPath = "";
			projectRoot = "";
			targets = (
				5779902F203DDCA700DF963B /* ProgrammaticContstraintsAndAnimations */,
			);
		};
/* End PBXProject section */

/* Begin PBXResourcesBuildPhase section */
		5779902E203DDCA700DF963B /* Resources */ = {
			isa = PBXResourcesBuildPhase;
			buildActionMask = 2147483647;
			files = (
				57799041203DDCA700DF963B /* LaunchScreen.storyboard in Resources */,
				5779903E203DDCA700DF963B /* Assets.xcassets in Resources */,
				57799039203DDCA700DF963B /* Main.storyboard in Resources */,
			);
			runOnlyForDeploymentPostprocessing = 0;
		};
/* End PBXResourcesBuildPhase section */

/* Begin PBXSourcesBuildPhase section */
		5779902C203DDCA700DF963B /* Sources */ = {
			isa = PBXSourcesBuildPhase;
			buildActionMask = 2147483647;
			files = (
				5779903C203DDCA700DF963B /* ProgrammaticContstraintsAndAnimations.xcdatamodeld in Sources */,
				57799036203DDCA700DF963B /* ViewController.swift in Sources */,
				57799034203DDCA700DF963B /* AppDelegate.swift in Sources */,
			);
			runOnlyForDeploymentPostprocessing = 0;
		};
/* End PBXSourcesBuildPhase section */

/* Begin PBXVariantGroup section */
		57799037203DDCA700DF963B /* Main.storyboard */ = {
			isa = PBXVariantGroup;
			children = (
				57799038203DDCA700DF963B /* Base */,
			);
			name = Main.storyboard;
			sourceTree = "<group>";
		};
		5779903F203DDCA700DF963B /* LaunchScreen.storyboard */ = {
			isa = PBXVariantGroup;
			children = (
				57799040203DDCA700DF963B /* Base */,
			);
			name = LaunchScreen.storyboard;
			sourceTree = "<group>";
		};
/* End PBXVariantGroup section */

/* Begin XCBuildConfiguration section */
		57799043203DDCA700DF963B /* Debug */ = {
			isa = XCBuildConfiguration;
			buildSettings = {
				ALWAYS_SEARCH_USER_PATHS = NO;
				CLANG_ANALYZER_NONNULL = YES;
				CLANG_ANALYZER_NUMBER_OBJECT_CONVERSION = YES_AGGRESSIVE;
				CLANG_CXX_LANGUAGE_STANDARD = "gnu++14";
				CLANG_CXX_LIBRARY = "libc++";
				CLANG_ENABLE_MODULES = YES;
				CLANG_ENABLE_OBJC_ARC = YES;
				CLANG_WARN_BLOCK_CAPTURE_AUTORELEASING = YES;
				CLANG_WARN_BOOL_CONVERSION = YES;
				CLANG_WARN_COMMA = YES;
				CLANG_WARN_CONSTANT_CONVERSION = YES;
				CLANG_WARN_DIRECT_OBJC_ISA_USAGE = YES_ERROR;
				CLANG_WARN_DOCUMENTATION_COMMENTS = YES;
				CLANG_WARN_EMPTY_BODY = YES;
				CLANG_WARN_ENUM_CONVERSION = YES;
				CLANG_WARN_INFINITE_RECURSION = YES;
				CLANG_WARN_INT_CONVERSION = YES;
				CLANG_WARN_NON_LITERAL_NULL_CONVERSION = YES;
				CLANG_WARN_OBJC_LITERAL_CONVERSION = YES;
				CLANG_WARN_OBJC_ROOT_CLASS = YES_ERROR;
				CLANG_WARN_RANGE_LOOP_ANALYSIS = YES;
				CLANG_WARN_STRICT_PROTOTYPES = YES;
				CLANG_WARN_SUSPICIOUS_MOVE = YES;
				CLANG_WARN_UNGUARDED_AVAILABILITY = YES_AGGRESSIVE;
				CLANG_WARN_UNREACHABLE_CODE = YES;
				CLANG_WARN__DUPLICATE_METHOD_MATCH = YES;
				CODE_SIGN_IDENTITY = "iPhone Developer";
				COPY_PHASE_STRIP = NO;
				DEBUG_INFORMATION_FORMAT = dwarf;
				ENABLE_STRICT_OBJC_MSGSEND = YES;
				ENABLE_TESTABILITY = YES;
				GCC_C_LANGUAGE_STANDARD = gnu11;
				GCC_DYNAMIC_NO_PIC = NO;
				GCC_NO_COMMON_BLOCKS = YES;
				GCC_OPTIMIZATION_LEVEL = 0;
				GCC_PREPROCESSOR_DEFINITIONS = (
					"DEBUG=1",
					"$(inherited)",
				);
				GCC_WARN_64_TO_32_BIT_CONVERSION = YES;
				GCC_WARN_ABOUT_RETURN_TYPE = YES_ERROR;
				GCC_WARN_UNDECLARED_SELECTOR = YES;
				GCC_WARN_UNINITIALIZED_AUTOS = YES_AGGRESSIVE;
				GCC_WARN_UNUSED_FUNCTION = YES;
				GCC_WARN_UNUSED_VARIABLE = YES;
				IPHONEOS_DEPLOYMENT_TARGET = 11.2;
				MTL_ENABLE_DEBUG_INFO = YES;
				ONLY_ACTIVE_ARCH = YES;
				SDKROOT = iphoneos;
				SWIFT_ACTIVE_COMPILATION_CONDITIONS = DEBUG;
				SWIFT_OPTIMIZATION_LEVEL = "-Onone";
			};
			name = Debug;
		};
		57799044203DDCA700DF963B /* Release */ = {
			isa = XCBuildConfiguration;
			buildSettings = {
				ALWAYS_SEARCH_USER_PATHS = NO;
				CLANG_ANALYZER_NONNULL = YES;
				CLANG_ANALYZER_NUMBER_OBJECT_CONVERSION = YES_AGGRESSIVE;
				CLANG_CXX_LANGUAGE_STANDARD = "gnu++14";
				CLANG_CXX_LIBRARY = "libc++";
				CLANG_ENABLE_MODULES = YES;
				CLANG_ENABLE_OBJC_ARC = YES;
				CLANG_WARN_BLOCK_CAPTURE_AUTORELEASING = YES;
				CLANG_WARN_BOOL_CONVERSION = YES;
				CLANG_WARN_COMMA = YES;
				CLANG_WARN_CONSTANT_CONVERSION = YES;
				CLANG_WARN_DIRECT_OBJC_ISA_USAGE = YES_ERROR;
				CLANG_WARN_DOCUMENTATION_COMMENTS = YES;
				CLANG_WARN_EMPTY_BODY = YES;
				CLANG_WARN_ENUM_CONVERSION = YES;
				CLANG_WARN_INFINITE_RECURSION = YES;
				CLANG_WARN_INT_CONVERSION = YES;
				CLANG_WARN_NON_LITERAL_NULL_CONVERSION = YES;
				CLANG_WARN_OBJC_LITERAL_CONVERSION = YES;
				CLANG_WARN_OBJC_ROOT_CLASS = YES_ERROR;
				CLANG_WARN_RANGE_LOOP_ANALYSIS = YES;
				CLANG_WARN_STRICT_PROTOTYPES = YES;
				CLANG_WARN_SUSPICIOUS_MOVE = YES;
				CLANG_WARN_UNGUARDED_AVAILABILITY = YES_AGGRESSIVE;
				CLANG_WARN_UNREACHABLE_CODE = YES;
				CLANG_WARN__DUPLICATE_METHOD_MATCH = YES;
				CODE_SIGN_IDENTITY = "iPhone Developer";
				COPY_PHASE_STRIP = NO;
				DEBUG_INFORMATION_FORMAT = "dwarf-with-dsym";
				ENABLE_NS_ASSERTIONS = NO;
				ENABLE_STRICT_OBJC_MSGSEND = YES;
				GCC_C_LANGUAGE_STANDARD = gnu11;
				GCC_NO_COMMON_BLOCKS = YES;
				GCC_WARN_64_TO_32_BIT_CONVERSION = YES;
				GCC_WARN_ABOUT_RETURN_TYPE = YES_ERROR;
				GCC_WARN_UNDECLARED_SELECTOR = YES;
				GCC_WARN_UNINITIALIZED_AUTOS = YES_AGGRESSIVE;
				GCC_WARN_UNUSED_FUNCTION = YES;
				GCC_WARN_UNUSED_VARIABLE = YES;
				IPHONEOS_DEPLOYMENT_TARGET = 11.2;
				MTL_ENABLE_DEBUG_INFO = NO;
				SDKROOT = iphoneos;
				SWIFT_OPTIMIZATION_LEVEL = "-Owholemodule";
				VALIDATE_PRODUCT = YES;
			};
			name = Release;
		};
		57799046203DDCA700DF963B /* Debug */ = {
			isa = XCBuildConfiguration;
			buildSettings = {
				ASSETCATALOG_COMPILER_APPICON_NAME = AppIcon;
				CODE_SIGN_STYLE = Automatic;
				DEVELOPMENT_TEAM = L2LP5P6TWN;
				INFOPLIST_FILE = ProgrammaticContstraintsAndAnimations/Info.plist;
				LD_RUNPATH_SEARCH_PATHS = "$(inherited) @executable_path/Frameworks";
				PRODUCT_BUNDLE_IDENTIFIER = com.broCode.ProgrammaticContstraintsAndAnimations;
				PRODUCT_NAME = "$(TARGET_NAME)";
				SWIFT_VERSION = 4.0;
				TARGETED_DEVICE_FAMILY = "1,2";
			};
			name = Debug;
		};
		57799047203DDCA700DF963B /* Release */ = {
			isa = XCBuildConfiguration;
			buildSettings = {
				ASSETCATALOG_COMPILER_APPICON_NAME = AppIcon;
				CODE_SIGN_STYLE = Automatic;
				DEVELOPMENT_TEAM = L2LP5P6TWN;
				INFOPLIST_FILE = ProgrammaticContstraintsAndAnimations/Info.plist;
				LD_RUNPATH_SEARCH_PATHS = "$(inherited) @executable_path/Frameworks";
				PRODUCT_BUNDLE_IDENTIFIER = com.broCode.ProgrammaticContstraintsAndAnimations;
				PRODUCT_NAME = "$(TARGET_NAME)";
				SWIFT_VERSION = 4.0;
				TARGETED_DEVICE_FAMILY = "1,2";
			};
			name = Release;
		};
/* End XCBuildConfiguration section */

/* Begin XCConfigurationList section */
		5779902B203DDCA700DF963B /* Build configuration list for PBXProject "ProgrammaticContstraintsAndAnimations" */ = {
			isa = XCConfigurationList;
			buildConfigurations = (
				57799043203DDCA700DF963B /* Debug */,
				57799044203DDCA700DF963B /* Release */,
			);
			defaultConfigurationIsVisible = 0;
			defaultConfigurationName = Release;
		};
		57799045203DDCA700DF963B /* Build configuration list for PBXNativeTarget "ProgrammaticContstraintsAndAnimations" */ = {
			isa = XCConfigurationList;
			buildConfigurations = (
				57799046203DDCA700DF963B /* Debug */,
				57799047203DDCA700DF963B /* Release */,
			);
			defaultConfigurationIsVisible = 0;
			defaultConfigurationName = Release;
		};
/* End XCConfigurationList section */

/* Begin XCVersionGroup section */
		5779903A203DDCA700DF963B /* ProgrammaticContstraintsAndAnimations.xcdatamodeld */ = {
			isa = XCVersionGroup;
			children = (
				5779903B203DDCA700DF963B /* ProgrammaticContstraintsAndAnimations.xcdatamodel */,
			);
			currentVersion = 5779903B203DDCA700DF963B /* ProgrammaticContstraintsAndAnimations.xcdatamodel */;
			path = ProgrammaticContstraintsAndAnimations.xcdatamodeld;
			sourceTree = "<group>";
			versionGroupType = wrapper.xcdatamodel;
		};
/* End XCVersionGroup section */
	};
	rootObject = 57799028203DDCA700DF963B /* Project object */;
}
